
Microsoft Visual Studio Solution File, Format Version 12.00
# Visual Studio Version 17
VisualStudioVersion = 17.10.34928.147
MinimumVisualStudioVersion = 10.0.40219.1
Project("{9A19103F-16F7-4668-BE54-9A1E7A4F7556}") = "Tridion.Dxa.Example.WebApp", "src\Tridion.Dxa.Example.WebApp\Tridion.Dxa.Example.WebApp.csproj", "{86902B5D-77BE-4671-9C1D-041F057F5FB7}"
EndProject
Project("{9A19103F-16F7-4668-BE54-9A1E7A4F7556}") = "Tridion.Dxa.Module.Core", "..\..\dxa-module-core-net\dotnet\src\Tridion.Dxa.Module.Core\Tridion.Dxa.Module.Core.csproj", "{00725FA8-C206-4998-B119-B576BADB483B}"
EndProject
Global
	GlobalSection(SolutionConfigurationPlatforms) = preSolution
		Debug|Any CPU = Debug|Any CPU
		Release|Any CPU = Release|Any CPU
	EndGlobalSection
	GlobalSection(ProjectConfigurationPlatforms) = postSolution
		{86902B5D-77BE-4671-9C1D-041F057F5FB7}.Debug|Any CPU.ActiveCfg = Debug|Any CPU
		{86902B5D-77BE-4671-9C1D-041F057F5FB7}.Debug|Any CPU.Build.0 = Debug|Any CPU
		{86902B5D-77BE-4671-9C1D-041F057F5FB7}.Release|Any CPU.ActiveCfg = Release|Any CPU
		{86902B5D-77BE-4671-9C1D-041F057F5FB7}.Release|Any CPU.Build.0 = Release|Any CPU
		{00725FA8-C206-4998-B119-B576BADB483B}.Debug|Any CPU.ActiveCfg = Debug|Any CPU
		{00725FA8-C206-4998-B119-B576BADB483B}.Debug|Any CPU.Build.0 = Debug|Any CPU
		{00725FA8-C206-4998-B119-B576BADB483B}.Release|Any CPU.ActiveCfg = Release|Any CPU
		{00725FA8-C206-4998-B119-B576BADB483B}.Release|Any CPU.Build.0 = Release|Any CPU
	EndGlobalSection
	GlobalSection(SolutionProperties) = preSolution
		HideSolutionNode = FALSE
	EndGlobalSection
	GlobalSection(ExtensibilityGlobals) = postSolution
		SolutionGuid = {53E21D27-4CBB-4DFA-B930-FA34132E48E7}
	EndGlobalSection
EndGlobal
